# THIS IS AN AUTOGENERATED FILE. DO NOT EDIT THIS FILE DIRECTLY.
# yarn lockfile v1


create-vite@^5.4.0:
  version "5.4.0"
  resolved "https://registry.yarnpkg.com/create-vite/-/create-vite-5.4.0.tgz#783c4144e1e2cd6ffa8904b99ddf67a47d4f3bc9"
  integrity sha512-w/nY7fAQPbOCbbVNcyCGFTZvsxhlTTKMweEPekejI8FL8aGGsShI6trTQMypcsGEGYQUfnoMA9SA1EQhzZmK8A==
